
Microsoft Visual Studio Solution File, Format Version 12.00
# Visual Studio 14
VisualStudioVersion = 14.0.25420.1
MinimumVisualStudioVersion = 10.0.40219.1
Project("{D954291E-2A0B-460D-934E-DC6B0785DB48}") = "AutoGhost", "AutoGhost\AutoGhost.shproj", "{BDD5716E-93D5-4E05-8ED8-6C8811484BF9}"
EndProject
Global
	GlobalSection(SharedMSBuildProjectFiles) = preSolution
		AutoGhost\AutoGhost.projitems*{bdd5716e-93d5-4e05-8ed8-6c8811484bf9}*SharedItemsImports = 13
	EndGlobalSection
	GlobalSection(SolutionProperties) = preSolution
		HideSolutionNode = FALSE
	EndGlobalSection
EndGlobal
